
Microsoft Visual Studio Solution File, Format Version 12.00
# Visual Studio Version 17
VisualStudioVersion = 17.7.34024.191
MinimumVisualStudioVersion = 10.0.40219.1
Project("{FAE04EC0-301F-11D3-BF4B-00C04F79EFBC}") = "gui", "gui\gui.csproj", "{F1AC6A26-088E-4C78-939D-A4D0AE366237}"
EndProject
Global
	GlobalSection(SolutionConfigurationPlatforms) = preSolution
		Debug|Any CPU = Debug|Any CPU
		Release|Any CPU = Release|Any CPU
	EndGlobalSection
	GlobalSection(ProjectConfigurationPlatforms) = postSolution
		{F1AC6A26-088E-4C78-939D-A4D0AE366237}.Debug|Any CPU.ActiveCfg = Debug|Any CPU
		{F1AC6A26-088E-4C78-939D-A4D0AE366237}.Debug|Any CPU.Build.0 = Debug|Any CPU
		{F1AC6A26-088E-4C78-939D-A4D0AE366237}.Release|Any CPU.ActiveCfg = Release|Any CPU
		{F1AC6A26-088E-4C78-939D-A4D0AE366237}.Release|Any CPU.Build.0 = Release|Any CPU
	EndGlobalSection
	GlobalSection(SolutionProperties) = preSolution
		HideSolutionNode = FALSE
	EndGlobalSection
	GlobalSection(ExtensibilityGlobals) = postSolution
		SolutionGuid = {1E6B1206-BFA2-4297-AB2F-F1FA70F19724}
	EndGlobalSection
EndGlobal
